
Microsoft Visual Studio Solution File, Format Version 12.00
# Visual Studio 15
Project("{FAE04EC0-301F-11D3-BF4B-00C04F79EFBC}") = "UnityEngine.UI", "UnityEngine.UI.csproj", "{E8DF1E17-AEEB-9192-9FDB-B80D27AB9705}"
EndProject
Project("{FAE04EC0-301F-11D3-BF4B-00C04F79EFBC}") = "UnityEngine.SpatialTracking", "UnityEngine.SpatialTracking.csproj", "{89791F9F-0E8E-3FE3-E7EA-F4B395D0A33B}"
EndProject
Project("{FAE04EC0-301F-11D3-BF4B-00C04F79EFBC}") = "UnityEngine.TestRunner", "UnityEngine.TestRunner.csproj", "{5CF71C19-8E0D-7D62-EF81-648CB4491EFB}"
EndProject
Project("{FAE04EC0-301F-11D3-BF4B-00C04F79EFBC}") = "YamlDotNet", "YamlDotNet.csproj", "{8F8FC72C-E984-CB60-961F-5B97C6BE48CF}"
EndProject
Project("{FAE04EC0-301F-11D3-BF4B-00C04F79EFBC}") = "Unity.Barracuda", "Unity.Barracuda.csproj", "{4FD70918-8CAB-9473-9344-4A97C028B5DF}"
EndProject
Project("{FAE04EC0-301F-11D3-BF4B-00C04F79EFBC}") = "com.unity.multiplayer-hlapi.Runtime", "com.unity.multiplayer-hlapi.Runtime.csproj", "{61BD1044-ABA2-7B17-F1B7-E59C174ECE14}"
EndProject
Project("{FAE04EC0-301F-11D3-BF4B-00C04F79EFBC}") = "Unity.Timeline", "Unity.Timeline.csproj", "{DBB6ACAD-9F77-29CB-E1C0-36A8117F59F8}"
EndProject
Project("{FAE04EC0-301F-11D3-BF4B-00C04F79EFBC}") = "Unity.ML-Agents", "Unity.ML-Agents.csproj", "{F653E54C-1A94-E3FA-1F6B-136D4A1CF106}"
EndProject
Project("{FAE04EC0-301F-11D3-BF4B-00C04F79EFBC}") = "UnityEngine.Advertisements", "UnityEngine.Advertisements.csproj", "{2ACD52AA-25F4-67F0-1D30-56CD9F1205C1}"
EndProject
Project("{FAE04EC0-301F-11D3-BF4B-00C04F79EFBC}") = "Unity.Mathematics", "Unity.Mathematics.csproj", "{DD76D77F-E4A8-4367-D3FF-95DE70D1DFE5}"
EndProject
Project("{FAE04EC0-301F-11D3-BF4B-00C04F79EFBC}") = "UnityEngine.Purchasing.Stores", "UnityEngine.Purchasing.Stores.csproj", "{441068CC-350E-8862-7738-22577B7F7038}"
EndProject
Project("{FAE04EC0-301F-11D3-BF4B-00C04F79EFBC}") = "UnityEngine.Purchasing", "UnityEngine.Purchasing.csproj", "{D3F162F4-D51D-B9D6-97AA-6CF43296A4D2}"
EndProject
Project("{FAE04EC0-301F-11D3-BF4B-00C04F79EFBC}") = "Unity.Burst", "Unity.Burst.csproj", "{412CEF7D-4EEB-E357-8121-B4F82D11A1AB}"
EndProject
Project("{FAE04EC0-301F-11D3-BF4B-00C04F79EFBC}") = "Unity.Analytics.DataPrivacy", "Unity.Analytics.DataPrivacy.csproj", "{0D9DB329-221C-4FF2-5043-457F50F36BA6}"
EndProject
Project("{FAE04EC0-301F-11D3-BF4B-00C04F79EFBC}") = "Assembly-CSharp", "Assembly-CSharp.csproj", "{C3BEF1FB-4987-8651-1EE7-D187960A8904}"
EndProject
Project("{FAE04EC0-301F-11D3-BF4B-00C04F79EFBC}") = "Unity.ML-Agents.CommunicatorObjects", "Unity.ML-Agents.CommunicatorObjects.csproj", "{5E226769-E297-6F97-29FC-F40F0F92AE23}"
EndProject
Project("{FAE04EC0-301F-11D3-BF4B-00C04F79EFBC}") = "Unity.Barracuda.ONNX", "Unity.Barracuda.ONNX.csproj", "{F95F45B9-30CB-F796-867D-66AF6C3FB5DF}"
EndProject
Project("{FAE04EC0-301F-11D3-BF4B-00C04F79EFBC}") = "UnityEngine.Purchasing.Codeless", "UnityEngine.Purchasing.Codeless.csproj", "{A56525E7-F6CB-77D3-EC2D-B2D9A60F7027}"
EndProject
Project("{FAE04EC0-301F-11D3-BF4B-00C04F79EFBC}") = "UnityEngine.Monetization", "UnityEngine.Monetization.csproj", "{5101D4FE-C766-45DE-AC6E-B99A7C27DEF6}"
EndProject
Project("{FAE04EC0-301F-11D3-BF4B-00C04F79EFBC}") = "UnityEngine.XR.LegacyInputHelpers", "UnityEngine.XR.LegacyInputHelpers.csproj", "{9DF24B4D-71C1-010E-2906-7B6120B32358}"
EndProject
Project("{FAE04EC0-301F-11D3-BF4B-00C04F79EFBC}") = "YamlDotNet.Examples", "YamlDotNet.Examples.csproj", "{39B1F70F-6D58-537F-92D4-9A10845A6055}"
EndProject
Project("{FAE04EC0-301F-11D3-BF4B-00C04F79EFBC}") = "Purchasing.Common", "Purchasing.Common.csproj", "{2718D50A-3B53-46B7-6D7C-1CD1BB3C6CDE}"
EndProject
Project("{FAE04EC0-301F-11D3-BF4B-00C04F79EFBC}") = "UnityEngine.Purchasing.WinRTCore", "UnityEngine.Purchasing.WinRTCore.csproj", "{1A3ECBA2-9966-2B46-70A9-B5685381EE22}"
EndProject
Project("{FAE04EC0-301F-11D3-BF4B-00C04F79EFBC}") = "UnityEngine.Purchasing.SecurityStub", "UnityEngine.Purchasing.SecurityStub.csproj", "{084BB747-CAC4-CCAB-4EAA-1DA60F5D853F}"
EndProject
Project("{FAE04EC0-301F-11D3-BF4B-00C04F79EFBC}") = "UnityEngine.Purchasing.AppleCore", "UnityEngine.Purchasing.AppleCore.csproj", "{40361434-EAF8-4F22-3D39-9E18A0185EDD}"
EndProject
Project("{FAE04EC0-301F-11D3-BF4B-00C04F79EFBC}") = "UnityEngine.Purchasing.SecurityCore", "UnityEngine.Purchasing.SecurityCore.csproj", "{B9F8111A-E318-C8B7-7CEA-E0A5A14D3D05}"
EndProject
Project("{FAE04EC0-301F-11D3-BF4B-00C04F79EFBC}") = "UnityEngine.Purchasing.AppleStub", "UnityEngine.Purchasing.AppleStub.csproj", "{01B0CC6F-0473-52A9-B027-07009D899CB7}"
EndProject
Project("{FAE04EC0-301F-11D3-BF4B-00C04F79EFBC}") = "UnityEngine.Purchasing.WinRTStub", "UnityEngine.Purchasing.WinRTStub.csproj", "{26CF933A-C2DD-C4D9-FA6B-1149657A6295}"
EndProject
Project("{FAE04EC0-301F-11D3-BF4B-00C04F79EFBC}") = "Unity.Barracuda.MacBLAS", "Unity.Barracuda.MacBLAS.csproj", "{78DB8B4B-FFC4-A36B-24CD-D4D0319ABFF5}"
EndProject
Project("{FAE04EC0-301F-11D3-BF4B-00C04F79EFBC}") = "UnityEngine.Purchasing.AppleMacosStub", "UnityEngine.Purchasing.AppleMacosStub.csproj", "{A86C35D1-AF69-EA4D-D61B-1D0953BD77EF}"
EndProject
Project("{FAE04EC0-301F-11D3-BF4B-00C04F79EFBC}") = "Unity.Barracuda.BurstBLAS", "Unity.Barracuda.BurstBLAS.csproj", "{00CC1F6E-13F0-D7E8-4006-D0726B6D79F8}"
EndProject
Project("{FAE04EC0-301F-11D3-BF4B-00C04F79EFBC}") = "Unity.Barracuda.iOSBLAS", "Unity.Barracuda.iOSBLAS.csproj", "{02D4EB8F-B5EA-B96C-E0DB-6C26D72059A7}"
EndProject
Project("{FAE04EC0-301F-11D3-BF4B-00C04F79EFBC}") = "UnityEditor.TestRunner", "UnityEditor.TestRunner.csproj", "{51FAD360-51EF-F8AB-1432-18CE8710EB50}"
EndProject
Project("{FAE04EC0-301F-11D3-BF4B-00C04F79EFBC}") = "Unity.Timeline.Editor", "Unity.Timeline.Editor.csproj", "{44EDCCE7-7ADA-BF89-0658-54BE73AECED2}"
EndProject
Project("{FAE04EC0-301F-11D3-BF4B-00C04F79EFBC}") = "Unity.2D.Sprite.Editor", "Unity.2D.Sprite.Editor.csproj", "{F1390890-4CBC-8D40-433C-F6AFCB64FB2B}"
EndProject
Project("{FAE04EC0-301F-11D3-BF4B-00C04F79EFBC}") = "com.unity.multiplayer-hlapi.Editor", "com.unity.multiplayer-hlapi.Editor.csproj", "{AA54953E-DAD9-81D1-CF63-3DE965E4AED5}"
EndProject
Project("{FAE04EC0-301F-11D3-BF4B-00C04F79EFBC}") = "UnityEditor.UI", "UnityEditor.UI.csproj", "{528C2637-5E89-8BE8-80FB-DC1E17A7C27B}"
EndProject
Project("{FAE04EC0-301F-11D3-BF4B-00C04F79EFBC}") = "Unity.Rider.Editor", "Unity.Rider.Editor.csproj", "{89E14E46-1EA5-5A41-7F63-4760E3A1311F}"
EndProject
Project("{FAE04EC0-301F-11D3-BF4B-00C04F79EFBC}") = "Unity.2D.Tilemap.Editor", "Unity.2D.Tilemap.Editor.csproj", "{2A38742D-04B5-F8D0-D724-5607F385419C}"
EndProject
Project("{FAE04EC0-301F-11D3-BF4B-00C04F79EFBC}") = "Unity.VisualStudio.Editor", "Unity.VisualStudio.Editor.csproj", "{0B25ECB2-56A4-8F9D-B7F8-F32628FC780B}"
EndProject
Project("{FAE04EC0-301F-11D3-BF4B-00C04F79EFBC}") = "UnityEngine.Advertisements.Editor", "UnityEngine.Advertisements.Editor.csproj", "{6F3B18D0-0565-D7B2-2B4A-AB5903F50287}"
EndProject
Project("{FAE04EC0-301F-11D3-BF4B-00C04F79EFBC}") = "Unity.ML-Agents.Editor", "Unity.ML-Agents.Editor.csproj", "{562989EF-7E0F-DFC4-E220-DD2222C47C9E}"
EndProject
Project("{FAE04EC0-301F-11D3-BF4B-00C04F79EFBC}") = "UnityEditor.XR.LegacyInputHelpers", "UnityEditor.XR.LegacyInputHelpers.csproj", "{72997E23-A989-9414-4B10-556A34E3E19E}"
EndProject
Project("{FAE04EC0-301F-11D3-BF4B-00C04F79EFBC}") = "Unity.Barracuda.Editor", "Unity.Barracuda.Editor.csproj", "{D599FBC1-5910-CFED-50AF-B77A8004AD95}"
EndProject
Project("{FAE04EC0-301F-11D3-BF4B-00C04F79EFBC}") = "Unity.CollabProxy.Editor", "Unity.CollabProxy.Editor.csproj", "{F1F56357-A3B3-EEC6-EC53-922EABBB1BA8}"
EndProject
Project("{FAE04EC0-301F-11D3-BF4B-00C04F79EFBC}") = "UnityEditor.Purchasing", "UnityEditor.Purchasing.csproj", "{7EDC73FA-79F4-37DE-75D9-3249FB82723E}"
EndProject
Project("{FAE04EC0-301F-11D3-BF4B-00C04F79EFBC}") = "com.unity.multiplayer-weaver.Editor", "com.unity.multiplayer-weaver.Editor.csproj", "{3B1C50CA-F12E-BD94-198B-08F624D2751A}"
EndProject
Project("{FAE04EC0-301F-11D3-BF4B-00C04F79EFBC}") = "Unity.VSCode.Editor", "Unity.VSCode.Editor.csproj", "{DED2948B-CA7C-769F-078E-EFF48892155B}"
EndProject
Project("{FAE04EC0-301F-11D3-BF4B-00C04F79EFBC}") = "Unity.Burst.Editor", "Unity.Burst.Editor.csproj", "{A41FB2A1-37CE-96D9-CA1D-8DB598D00FD7}"
EndProject
Project("{FAE04EC0-301F-11D3-BF4B-00C04F79EFBC}") = "Unity.Mathematics.Editor", "Unity.Mathematics.Editor.csproj", "{1CEEB7C6-CD51-2E20-52B1-E1E526AC4512}"
EndProject
Project("{FAE04EC0-301F-11D3-BF4B-00C04F79EFBC}") = "UnityEditor.SpatialTracking", "UnityEditor.SpatialTracking.csproj", "{32B09B1F-33FB-5B91-70FD-65B5F6E70DD3}"
EndProject
Project("{FAE04EC0-301F-11D3-BF4B-00C04F79EFBC}") = "UnityEngine.UI", "UnityEngine.UI.Player.csproj", "{56E5F47E-818C-DC04-61CC-1582A85252AB}"
EndProject
Project("{FAE04EC0-301F-11D3-BF4B-00C04F79EFBC}") = "UnityEngine.SpatialTracking", "UnityEngine.SpatialTracking.Player.csproj", "{104B4209-AD4E-1E69-A65F-321B3CD166BB}"
EndProject
Project("{FAE04EC0-301F-11D3-BF4B-00C04F79EFBC}") = "UnityEngine.TestRunner", "UnityEngine.TestRunner.Player.csproj", "{014884FE-89AA-9952-6640-20AA64C5DBF4}"
EndProject
Project("{FAE04EC0-301F-11D3-BF4B-00C04F79EFBC}") = "YamlDotNet", "YamlDotNet.Player.csproj", "{52EB1F74-68A4-49EC-2CAC-EAF5AEED159C}"
EndProject
Project("{FAE04EC0-301F-11D3-BF4B-00C04F79EFBC}") = "Unity.Barracuda", "Unity.Barracuda.Player.csproj", "{A5394899-9D0D-557E-B88A-FEA3ECFAD241}"
EndProject
Project("{FAE04EC0-301F-11D3-BF4B-00C04F79EFBC}") = "com.unity.multiplayer-hlapi.Runtime", "com.unity.multiplayer-hlapi.Runtime.Player.csproj", "{A28696CE-F7F2-380D-3E7F-F129201AAB1C}"
EndProject
Project("{FAE04EC0-301F-11D3-BF4B-00C04F79EFBC}") = "Unity.Timeline", "Unity.Timeline.Player.csproj", "{68FB5F95-7B20-DEDD-E31B-415736DE4E23}"
EndProject
Project("{FAE04EC0-301F-11D3-BF4B-00C04F79EFBC}") = "Unity.ML-Agents", "Unity.ML-Agents.Player.csproj", "{2329C5EE-B6F2-EB2E-6D58-6375EBBE08E3}"
EndProject
Project("{FAE04EC0-301F-11D3-BF4B-00C04F79EFBC}") = "UnityEngine.Advertisements", "UnityEngine.Advertisements.Player.csproj", "{8070515F-6E25-796A-2772-C91C9FE79815}"
EndProject
Project("{FAE04EC0-301F-11D3-BF4B-00C04F79EFBC}") = "Unity.Mathematics", "Unity.Mathematics.Player.csproj", "{09958B91-448B-2FBB-5F16-EC1366BBCDCC}"
EndProject
Project("{FAE04EC0-301F-11D3-BF4B-00C04F79EFBC}") = "UnityEngine.Purchasing.Stores", "UnityEngine.Purchasing.Stores.Player.csproj", "{E3C1C65E-CC7D-6B87-EB13-6E0C2EB4B53E}"
EndProject
Project("{FAE04EC0-301F-11D3-BF4B-00C04F79EFBC}") = "UnityEngine.Purchasing", "UnityEngine.Purchasing.Player.csproj", "{2BFFDE03-DC9C-5F28-D7D8-E9268D2E2FC4}"
EndProject
Project("{FAE04EC0-301F-11D3-BF4B-00C04F79EFBC}") = "Unity.Burst", "Unity.Burst.Player.csproj", "{E94003D3-902C-0BDE-CE0C-278F3544AB2A}"
EndProject
Project("{FAE04EC0-301F-11D3-BF4B-00C04F79EFBC}") = "Unity.Analytics.DataPrivacy", "Unity.Analytics.DataPrivacy.Player.csproj", "{1F7442F9-6913-6F1C-23C8-767C8832E184}"
EndProject
Project("{FAE04EC0-301F-11D3-BF4B-00C04F79EFBC}") = "Assembly-CSharp", "Assembly-CSharp.Player.csproj", "{F1B67D2B-1FBD-FD36-1231-B1BEAAD4DA3C}"
EndProject
Project("{FAE04EC0-301F-11D3-BF4B-00C04F79EFBC}") = "Unity.ML-Agents.CommunicatorObjects", "Unity.ML-Agents.CommunicatorObjects.Player.csproj", "{C8CBC66E-E70D-5F51-7662-940B92BF3BFC}"
EndProject
Project("{FAE04EC0-301F-11D3-BF4B-00C04F79EFBC}") = "Unity.Barracuda.ONNX", "Unity.Barracuda.ONNX.Player.csproj", "{B0A1ACAF-880C-C2E7-3E05-CADA0BE64CE1}"
EndProject
Project("{FAE04EC0-301F-11D3-BF4B-00C04F79EFBC}") = "UnityEngine.Purchasing.Codeless", "UnityEngine.Purchasing.Codeless.Player.csproj", "{86C3B317-7251-C7F4-59DF-A9CB65637046}"
EndProject
Project("{FAE04EC0-301F-11D3-BF4B-00C04F79EFBC}") = "UnityEngine.Monetization", "UnityEngine.Monetization.Player.csproj", "{B4BA9D71-ED52-0541-D3B1-5470737E7455}"
EndProject
Project("{FAE04EC0-301F-11D3-BF4B-00C04F79EFBC}") = "UnityEngine.XR.LegacyInputHelpers", "UnityEngine.XR.LegacyInputHelpers.Player.csproj", "{589CD8A0-EA09-2D90-55A6-3B450160060A}"
EndProject
Project("{FAE04EC0-301F-11D3-BF4B-00C04F79EFBC}") = "YamlDotNet.Examples", "YamlDotNet.Examples.Player.csproj", "{F61523AC-2D4A-D524-D1E1-45AF7BCBBB31}"
EndProject
Project("{FAE04EC0-301F-11D3-BF4B-00C04F79EFBC}") = "Purchasing.Common", "Purchasing.Common.Player.csproj", "{200A16CC-E0AC-9D76-D993-12C271502198}"
EndProject
Project("{FAE04EC0-301F-11D3-BF4B-00C04F79EFBC}") = "UnityEngine.Purchasing.WinRTCore", "UnityEngine.Purchasing.WinRTCore.Player.csproj", "{17D1B151-6E15-12EC-E349-02D4458DA9CF}"
EndProject
Project("{FAE04EC0-301F-11D3-BF4B-00C04F79EFBC}") = "UnityEngine.Purchasing.SecurityStub", "UnityEngine.Purchasing.SecurityStub.Player.csproj", "{EF153747-7F70-69A6-4F43-D56264D7DD12}"
EndProject
Project("{FAE04EC0-301F-11D3-BF4B-00C04F79EFBC}") = "UnityEngine.Purchasing.AppleCore", "UnityEngine.Purchasing.AppleCore.Player.csproj", "{1505E16C-BDD1-02E3-0037-1D68CCA37471}"
EndProject
Project("{FAE04EC0-301F-11D3-BF4B-00C04F79EFBC}") = "UnityEngine.Purchasing.SecurityCore", "UnityEngine.Purchasing.SecurityCore.Player.csproj", "{1F22D79B-5DD4-9D69-9431-21557B79B912}"
EndProject
Project("{FAE04EC0-301F-11D3-BF4B-00C04F79EFBC}") = "UnityEngine.Purchasing.AppleStub", "UnityEngine.Purchasing.AppleStub.Player.csproj", "{0F6AC962-983B-9B8F-CC55-6577D67EF521}"
EndProject
Project("{FAE04EC0-301F-11D3-BF4B-00C04F79EFBC}") = "UnityEngine.Purchasing.WinRTStub", "UnityEngine.Purchasing.WinRTStub.Player.csproj", "{06489216-E695-9F9D-CE0A-2B1C3BBAF7A8}"
EndProject
Project("{FAE04EC0-301F-11D3-BF4B-00C04F79EFBC}") = "UnityEngine.Purchasing.AppleMacosStub", "UnityEngine.Purchasing.AppleMacosStub.Player.csproj", "{A0BD29CF-5832-8998-6E5C-381FECE11F55}"
EndProject
Project("{FAE04EC0-301F-11D3-BF4B-00C04F79EFBC}") = "Unity.Barracuda.BurstBLAS", "Unity.Barracuda.BurstBLAS.Player.csproj", "{66E1DD05-C8D0-149E-9A31-34BDDD57900E}"
EndProject
Global
	GlobalSection(SolutionConfigurationPlatforms) = preSolution
		Debug|Any CPU = Debug|Any CPU
		Release|Any CPU = Release|Any CPU
	EndGlobalSection
	GlobalSection(ProjectConfigurationPlatforms) = postSolution
		{E8DF1E17-AEEB-9192-9FDB-B80D27AB9705}.Debug|Any CPU.ActiveCfg = Debug|Any CPU
		{E8DF1E17-AEEB-9192-9FDB-B80D27AB9705}.Debug|Any CPU.Build.0 = Debug|Any CPU
		{E8DF1E17-AEEB-9192-9FDB-B80D27AB9705}.Release|Any CPU.ActiveCfg = Release|Any CPU
		{E8DF1E17-AEEB-9192-9FDB-B80D27AB9705}.Release|Any CPU.Build.0 = Release|Any CPU
		{89791F9F-0E8E-3FE3-E7EA-F4B395D0A33B}.Debug|Any CPU.ActiveCfg = Debug|Any CPU
		{89791F9F-0E8E-3FE3-E7EA-F4B395D0A33B}.Debug|Any CPU.Build.0 = Debug|Any CPU
		{89791F9F-0E8E-3FE3-E7EA-F4B395D0A33B}.Release|Any CPU.ActiveCfg = Release|Any CPU
		{89791F9F-0E8E-3FE3-E7EA-F4B395D0A33B}.Release|Any CPU.Build.0 = Release|Any CPU
		{5CF71C19-8E0D-7D62-EF81-648CB4491EFB}.Debug|Any CPU.ActiveCfg = Debug|Any CPU
		{5CF71C19-8E0D-7D62-EF81-648CB4491EFB}.Debug|Any CPU.Build.0 = Debug|Any CPU
		{5CF71C19-8E0D-7D62-EF81-648CB4491EFB}.Release|Any CPU.ActiveCfg = Release|Any CPU
		{5CF71C19-8E0D-7D62-EF81-648CB4491EFB}.Release|Any CPU.Build.0 = Release|Any CPU
		{8F8FC72C-E984-CB60-961F-5B97C6BE48CF}.Debug|Any CPU.ActiveCfg = Debug|Any CPU
		{8F8FC72C-E984-CB60-961F-5B97C6BE48CF}.Debug|Any CPU.Build.0 = Debug|Any CPU
		{8F8FC72C-E984-CB60-961F-5B97C6BE48CF}.Release|Any CPU.ActiveCfg = Release|Any CPU
		{8F8FC72C-E984-CB60-961F-5B97C6BE48CF}.Release|Any CPU.Build.0 = Release|Any CPU
		{4FD70918-8CAB-9473-9344-4A97C028B5DF}.Debug|Any CPU.ActiveCfg = Debug|Any CPU
		{4FD70918-8CAB-9473-9344-4A97C028B5DF}.Debug|Any CPU.Build.0 = Debug|Any CPU
		{4FD70918-8CAB-9473-9344-4A97C028B5DF}.Release|Any CPU.ActiveCfg = Release|Any CPU
		{4FD70918-8CAB-9473-9344-4A97C028B5DF}.Release|Any CPU.Build.0 = Release|Any CPU
		{61BD1044-ABA2-7B17-F1B7-E59C174ECE14}.Debug|Any CPU.ActiveCfg = Debug|Any CPU
		{61BD1044-ABA2-7B17-F1B7-E59C174ECE14}.Debug|Any CPU.Build.0 = Debug|Any CPU
		{61BD1044-ABA2-7B17-F1B7-E59C174ECE14}.Release|Any CPU.ActiveCfg = Release|Any CPU
		{61BD1044-ABA2-7B17-F1B7-E59C174ECE14}.Release|Any CPU.Build.0 = Release|Any CPU
		{DBB6ACAD-9F77-29CB-E1C0-36A8117F59F8}.Debug|Any CPU.ActiveCfg = Debug|Any CPU
		{DBB6ACAD-9F77-29CB-E1C0-36A8117F59F8}.Debug|Any CPU.Build.0 = Debug|Any CPU
		{DBB6ACAD-9F77-29CB-E1C0-36A8117F59F8}.Release|Any CPU.ActiveCfg = Release|Any CPU
		{DBB6ACAD-9F77-29CB-E1C0-36A8117F59F8}.Release|Any CPU.Build.0 = Release|Any CPU
		{F653E54C-1A94-E3FA-1F6B-136D4A1CF106}.Debug|Any CPU.ActiveCfg = Debug|Any CPU
		{F653E54C-1A94-E3FA-1F6B-136D4A1CF106}.Debug|Any CPU.Build.0 = Debug|Any CPU
		{F653E54C-1A94-E3FA-1F6B-136D4A1CF106}.Release|Any CPU.ActiveCfg = Release|Any CPU
		{F653E54C-1A94-E3FA-1F6B-136D4A1CF106}.Release|Any CPU.Build.0 = Release|Any CPU
		{2ACD52AA-25F4-67F0-1D30-56CD9F1205C1}.Debug|Any CPU.ActiveCfg = Debug|Any CPU
		{2ACD52AA-25F4-67F0-1D30-56CD9F1205C1}.Debug|Any CPU.Build.0 = Debug|Any CPU
		{2ACD52AA-25F4-67F0-1D30-56CD9F1205C1}.Release|Any CPU.ActiveCfg = Release|Any CPU
		{2ACD52AA-25F4-67F0-1D30-56CD9F1205C1}.Release|Any CPU.Build.0 = Release|Any CPU
		{DD76D77F-E4A8-4367-D3FF-95DE70D1DFE5}.Debug|Any CPU.ActiveCfg = Debug|Any CPU
		{DD76D77F-E4A8-4367-D3FF-95DE70D1DFE5}.Debug|Any CPU.Build.0 = Debug|Any CPU
		{DD76D77F-E4A8-4367-D3FF-95DE70D1DFE5}.Release|Any CPU.ActiveCfg = Release|Any CPU
		{DD76D77F-E4A8-4367-D3FF-95DE70D1DFE5}.Release|Any CPU.Build.0 = Release|Any CPU
		{441068CC-350E-8862-7738-22577B7F7038}.Debug|Any CPU.ActiveCfg = Debug|Any CPU
		{441068CC-350E-8862-7738-22577B7F7038}.Debug|Any CPU.Build.0 = Debug|Any CPU
		{441068CC-350E-8862-7738-22577B7F7038}.Release|Any CPU.ActiveCfg = Release|Any CPU
		{441068CC-350E-8862-7738-22577B7F7038}.Release|Any CPU.Build.0 = Release|Any CPU
		{D3F162F4-D51D-B9D6-97AA-6CF43296A4D2}.Debug|Any CPU.ActiveCfg = Debug|Any CPU
		{D3F162F4-D51D-B9D6-97AA-6CF43296A4D2}.Debug|Any CPU.Build.0 = Debug|Any CPU
		{D3F162F4-D51D-B9D6-97AA-6CF43296A4D2}.Release|Any CPU.ActiveCfg = Release|Any CPU
		{D3F162F4-D51D-B9D6-97AA-6CF43296A4D2}.Release|Any CPU.Build.0 = Release|Any CPU
		{412CEF7D-4EEB-E357-8121-B4F82D11A1AB}.Debug|Any CPU.ActiveCfg = Debug|Any CPU
		{412CEF7D-4EEB-E357-8121-B4F82D11A1AB}.Debug|Any CPU.Build.0 = Debug|Any CPU
		{412CEF7D-4EEB-E357-8121-B4F82D11A1AB}.Release|Any CPU.ActiveCfg = Release|Any CPU
		{412CEF7D-4EEB-E357-8121-B4F82D11A1AB}.Release|Any CPU.Build.0 = Release|Any CPU
		{0D9DB329-221C-4FF2-5043-457F50F36BA6}.Debug|Any CPU.ActiveCfg = Debug|Any CPU
		{0D9DB329-221C-4FF2-5043-457F50F36BA6}.Debug|Any CPU.Build.0 = Debug|Any CPU
		{0D9DB329-221C-4FF2-5043-457F50F36BA6}.Release|Any CPU.ActiveCfg = Release|Any CPU
		{0D9DB329-221C-4FF2-5043-457F50F36BA6}.Release|Any CPU.Build.0 = Release|Any CPU
		{C3BEF1FB-4987-8651-1EE7-D187960A8904}.Debug|Any CPU.ActiveCfg = Debug|Any CPU
		{C3BEF1FB-4987-8651-1EE7-D187960A8904}.Debug|Any CPU.Build.0 = Debug|Any CPU
		{C3BEF1FB-4987-8651-1EE7-D187960A8904}.Release|Any CPU.ActiveCfg = Release|Any CPU
		{C3BEF1FB-4987-8651-1EE7-D187960A8904}.Release|Any CPU.Build.0 = Release|Any CPU
		{5E226769-E297-6F97-29FC-F40F0F92AE23}.Debug|Any CPU.ActiveCfg = Debug|Any CPU
		{5E226769-E297-6F97-29FC-F40F0F92AE23}.Debug|Any CPU.Build.0 = Debug|Any CPU
		{5E226769-E297-6F97-29FC-F40F0F92AE23}.Release|Any CPU.ActiveCfg = Release|Any CPU
		{5E226769-E297-6F97-29FC-F40F0F92AE23}.Release|Any CPU.Build.0 = Release|Any CPU
		{F95F45B9-30CB-F796-867D-66AF6C3FB5DF}.Debug|Any CPU.ActiveCfg = Debug|Any CPU
		{F95F45B9-30CB-F796-867D-66AF6C3FB5DF}.Debug|Any CPU.Build.0 = Debug|Any CPU
		{F95F45B9-30CB-F796-867D-66AF6C3FB5DF}.Release|Any CPU.ActiveCfg = Release|Any CPU
		{F95F45B9-30CB-F796-867D-66AF6C3FB5DF}.Release|Any CPU.Build.0 = Release|Any CPU
		{A56525E7-F6CB-77D3-EC2D-B2D9A60F7027}.Debug|Any CPU.ActiveCfg = Debug|Any CPU
		{A56525E7-F6CB-77D3-EC2D-B2D9A60F7027}.Debug|Any CPU.Build.0 = Debug|Any CPU
		{A56525E7-F6CB-77D3-EC2D-B2D9A60F7027}.Release|Any CPU.ActiveCfg = Release|Any CPU
		{A56525E7-F6CB-77D3-EC2D-B2D9A60F7027}.Release|Any CPU.Build.0 = Release|Any CPU
		{5101D4FE-C766-45DE-AC6E-B99A7C27DEF6}.Debug|Any CPU.ActiveCfg = Debug|Any CPU
		{5101D4FE-C766-45DE-AC6E-B99A7C27DEF6}.Debug|Any CPU.Build.0 = Debug|Any CPU
		{5101D4FE-C766-45DE-AC6E-B99A7C27DEF6}.Release|Any CPU.ActiveCfg = Release|Any CPU
		{5101D4FE-C766-45DE-AC6E-B99A7C27DEF6}.Release|Any CPU.Build.0 = Release|Any CPU
		{9DF24B4D-71C1-010E-2906-7B6120B32358}.Debug|Any CPU.ActiveCfg = Debug|Any CPU
		{9DF24B4D-71C1-010E-2906-7B6120B32358}.Debug|Any CPU.Build.0 = Debug|Any CPU
		{9DF24B4D-71C1-010E-2906-7B6120B32358}.Release|Any CPU.ActiveCfg = Release|Any CPU
		{9DF24B4D-71C1-010E-2906-7B6120B32358}.Release|Any CPU.Build.0 = Release|Any CPU
		{39B1F70F-6D58-537F-92D4-9A10845A6055}.Debug|Any CPU.ActiveCfg = Debug|Any CPU
		{39B1F70F-6D58-537F-92D4-9A10845A6055}.Debug|Any CPU.Build.0 = Debug|Any CPU
		{39B1F70F-6D58-537F-92D4-9A10845A6055}.Release|Any CPU.ActiveCfg = Release|Any CPU
		{39B1F70F-6D58-537F-92D4-9A10845A6055}.Release|Any CPU.Build.0 = Release|Any CPU
		{2718D50A-3B53-46B7-6D7C-1CD1BB3C6CDE}.Debug|Any CPU.ActiveCfg = Debug|Any CPU
		{2718D50A-3B53-46B7-6D7C-1CD1BB3C6CDE}.Debug|Any CPU.Build.0 = Debug|Any CPU
		{2718D50A-3B53-46B7-6D7C-1CD1BB3C6CDE}.Release|Any CPU.ActiveCfg = Release|Any CPU
		{2718D50A-3B53-46B7-6D7C-1CD1BB3C6CDE}.Release|Any CPU.Build.0 = Release|Any CPU
		{1A3ECBA2-9966-2B46-70A9-B5685381EE22}.Debug|Any CPU.ActiveCfg = Debug|Any CPU
		{1A3ECBA2-9966-2B46-70A9-B5685381EE22}.Debug|Any CPU.Build.0 = Debug|Any CPU
		{1A3ECBA2-9966-2B46-70A9-B5685381EE22}.Release|Any CPU.ActiveCfg = Release|Any CPU
		{1A3ECBA2-9966-2B46-70A9-B5685381EE22}.Release|Any CPU.Build.0 = Release|Any CPU
		{084BB747-CAC4-CCAB-4EAA-1DA60F5D853F}.Debug|Any CPU.ActiveCfg = Debug|Any CPU
		{084BB747-CAC4-CCAB-4EAA-1DA60F5D853F}.Debug|Any CPU.Build.0 = Debug|Any CPU
		{084BB747-CAC4-CCAB-4EAA-1DA60F5D853F}.Release|Any CPU.ActiveCfg = Release|Any CPU
		{084BB747-CAC4-CCAB-4EAA-1DA60F5D853F}.Release|Any CPU.Build.0 = Release|Any CPU
		{40361434-EAF8-4F22-3D39-9E18A0185EDD}.Debug|Any CPU.ActiveCfg = Debug|Any CPU
		{40361434-EAF8-4F22-3D39-9E18A0185EDD}.Debug|Any CPU.Build.0 = Debug|Any CPU
		{40361434-EAF8-4F22-3D39-9E18A0185EDD}.Release|Any CPU.ActiveCfg = Release|Any CPU
		{40361434-EAF8-4F22-3D39-9E18A0185EDD}.Release|Any CPU.Build.0 = Release|Any CPU
		{B9F8111A-E318-C8B7-7CEA-E0A5A14D3D05}.Debug|Any CPU.ActiveCfg = Debug|Any CPU
		{B9F8111A-E318-C8B7-7CEA-E0A5A14D3D05}.Debug|Any CPU.Build.0 = Debug|Any CPU
		{B9F8111A-E318-C8B7-7CEA-E0A5A14D3D05}.Release|Any CPU.ActiveCfg = Release|Any CPU
		{B9F8111A-E318-C8B7-7CEA-E0A5A14D3D05}.Release|Any CPU.Build.0 = Release|Any CPU
		{01B0CC6F-0473-52A9-B027-07009D899CB7}.Debug|Any CPU.ActiveCfg = Debug|Any CPU
		{01B0CC6F-0473-52A9-B027-07009D899CB7}.Debug|Any CPU.Build.0 = Debug|Any CPU
		{01B0CC6F-0473-52A9-B027-07009D899CB7}.Release|Any CPU.ActiveCfg = Release|Any CPU
		{01B0CC6F-0473-52A9-B027-07009D899CB7}.Release|Any CPU.Build.0 = Release|Any CPU
		{26CF933A-C2DD-C4D9-FA6B-1149657A6295}.Debug|Any CPU.ActiveCfg = Debug|Any CPU
		{26CF933A-C2DD-C4D9-FA6B-1149657A6295}.Debug|Any CPU.Build.0 = Debug|Any CPU
		{26CF933A-C2DD-C4D9-FA6B-1149657A6295}.Release|Any CPU.ActiveCfg = Release|Any CPU
		{26CF933A-C2DD-C4D9-FA6B-1149657A6295}.Release|Any CPU.Build.0 = Release|Any CPU
		{78DB8B4B-FFC4-A36B-24CD-D4D0319ABFF5}.Debug|Any CPU.ActiveCfg = Debug|Any CPU
		{78DB8B4B-FFC4-A36B-24CD-D4D0319ABFF5}.Debug|Any CPU.Build.0 = Debug|Any CPU
		{78DB8B4B-FFC4-A36B-24CD-D4D0319ABFF5}.Release|Any CPU.ActiveCfg = Release|Any CPU
		{78DB8B4B-FFC4-A36B-24CD-D4D0319ABFF5}.Release|Any CPU.Build.0 = Release|Any CPU
		{A86C35D1-AF69-EA4D-D61B-1D0953BD77EF}.Debug|Any CPU.ActiveCfg = Debug|Any CPU
		{A86C35D1-AF69-EA4D-D61B-1D0953BD77EF}.Debug|Any CPU.Build.0 = Debug|Any CPU
		{A86C35D1-AF69-EA4D-D61B-1D0953BD77EF}.Release|Any CPU.ActiveCfg = Release|Any CPU
		{A86C35D1-AF69-EA4D-D61B-1D0953BD77EF}.Release|Any CPU.Build.0 = Release|Any CPU
		{00CC1F6E-13F0-D7E8-4006-D0726B6D79F8}.Debug|Any CPU.ActiveCfg = Debug|Any CPU
		{00CC1F6E-13F0-D7E8-4006-D0726B6D79F8}.Debug|Any CPU.Build.0 = Debug|Any CPU
		{00CC1F6E-13F0-D7E8-4006-D0726B6D79F8}.Release|Any CPU.ActiveCfg = Release|Any CPU
		{00CC1F6E-13F0-D7E8-4006-D0726B6D79F8}.Release|Any CPU.Build.0 = Release|Any CPU
		{02D4EB8F-B5EA-B96C-E0DB-6C26D72059A7}.Debug|Any CPU.ActiveCfg = Debug|Any CPU
		{02D4EB8F-B5EA-B96C-E0DB-6C26D72059A7}.Debug|Any CPU.Build.0 = Debug|Any CPU
		{02D4EB8F-B5EA-B96C-E0DB-6C26D72059A7}.Release|Any CPU.ActiveCfg = Release|Any CPU
		{02D4EB8F-B5EA-B96C-E0DB-6C26D72059A7}.Release|Any CPU.Build.0 = Release|Any CPU
		{51FAD360-51EF-F8AB-1432-18CE8710EB50}.Debug|Any CPU.ActiveCfg = Debug|Any CPU
		{51FAD360-51EF-F8AB-1432-18CE8710EB50}.Debug|Any CPU.Build.0 = Debug|Any CPU
		{51FAD360-51EF-F8AB-1432-18CE8710EB50}.Release|Any CPU.ActiveCfg = Release|Any CPU
		{51FAD360-51EF-F8AB-1432-18CE8710EB50}.Release|Any CPU.Build.0 = Release|Any CPU
		{44EDCCE7-7ADA-BF89-0658-54BE73AECED2}.Debug|Any CPU.ActiveCfg = Debug|Any CPU
		{44EDCCE7-7ADA-BF89-0658-54BE73AECED2}.Debug|Any CPU.Build.0 = Debug|Any CPU
		{44EDCCE7-7ADA-BF89-0658-54BE73AECED2}.Release|Any CPU.ActiveCfg = Release|Any CPU
		{44EDCCE7-7ADA-BF89-0658-54BE73AECED2}.Release|Any CPU.Build.0 = Release|Any CPU
		{F1390890-4CBC-8D40-433C-F6AFCB64FB2B}.Debug|Any CPU.ActiveCfg = Debug|Any CPU
		{F1390890-4CBC-8D40-433C-F6AFCB64FB2B}.Debug|Any CPU.Build.0 = Debug|Any CPU
		{F1390890-4CBC-8D40-433C-F6AFCB64FB2B}.Release|Any CPU.ActiveCfg = Release|Any CPU
		{F1390890-4CBC-8D40-433C-F6AFCB64FB2B}.Release|Any CPU.Build.0 = Release|Any CPU
		{AA54953E-DAD9-81D1-CF63-3DE965E4AED5}.Debug|Any CPU.ActiveCfg = Debug|Any CPU
		{AA54953E-DAD9-81D1-CF63-3DE965E4AED5}.Debug|Any CPU.Build.0 = Debug|Any CPU
		{AA54953E-DAD9-81D1-CF63-3DE965E4AED5}.Release|Any CPU.ActiveCfg = Release|Any CPU
		{AA54953E-DAD9-81D1-CF63-3DE965E4AED5}.Release|Any CPU.Build.0 = Release|Any CPU
		{528C2637-5E89-8BE8-80FB-DC1E17A7C27B}.Debug|Any CPU.ActiveCfg = Debug|Any CPU
		{528C2637-5E89-8BE8-80FB-DC1E17A7C27B}.Debug|Any CPU.Build.0 = Debug|Any CPU
		{528C2637-5E89-8BE8-80FB-DC1E17A7C27B}.Release|Any CPU.ActiveCfg = Release|Any CPU
		{528C2637-5E89-8BE8-80FB-DC1E17A7C27B}.Release|Any CPU.Build.0 = Release|Any CPU
		{89E14E46-1EA5-5A41-7F63-4760E3A1311F}.Debug|Any CPU.ActiveCfg = Debug|Any CPU
		{89E14E46-1EA5-5A41-7F63-4760E3A1311F}.Debug|Any CPU.Build.0 = Debug|Any CPU
		{89E14E46-1EA5-5A41-7F63-4760E3A1311F}.Release|Any CPU.ActiveCfg = Release|Any CPU
		{89E14E46-1EA5-5A41-7F63-4760E3A1311F}.Release|Any CPU.Build.0 = Release|Any CPU
		{2A38742D-04B5-F8D0-D724-5607F385419C}.Debug|Any CPU.ActiveCfg = Debug|Any CPU
		{2A38742D-04B5-F8D0-D724-5607F385419C}.Debug|Any CPU.Build.0 = Debug|Any CPU
		{2A38742D-04B5-F8D0-D724-5607F385419C}.Release|Any CPU.ActiveCfg = Release|Any CPU
		{2A38742D-04B5-F8D0-D724-5607F385419C}.Release|Any CPU.Build.0 = Release|Any CPU
		{0B25ECB2-56A4-8F9D-B7F8-F32628FC780B}.Debug|Any CPU.ActiveCfg = Debug|Any CPU
		{0B25ECB2-56A4-8F9D-B7F8-F32628FC780B}.Debug|Any CPU.Build.0 = Debug|Any CPU
		{0B25ECB2-56A4-8F9D-B7F8-F32628FC780B}.Release|Any CPU.ActiveCfg = Release|Any CPU
		{0B25ECB2-56A4-8F9D-B7F8-F32628FC780B}.Release|Any CPU.Build.0 = Release|Any CPU
		{6F3B18D0-0565-D7B2-2B4A-AB5903F50287}.Debug|Any CPU.ActiveCfg = Debug|Any CPU
		{6F3B18D0-0565-D7B2-2B4A-AB5903F50287}.Debug|Any CPU.Build.0 = Debug|Any CPU
		{6F3B18D0-0565-D7B2-2B4A-AB5903F50287}.Release|Any CPU.ActiveCfg = Release|Any CPU
		{6F3B18D0-0565-D7B2-2B4A-AB5903F50287}.Release|Any CPU.Build.0 = Release|Any CPU
		{562989EF-7E0F-DFC4-E220-DD2222C47C9E}.Debug|Any CPU.ActiveCfg = Debug|Any CPU
		{562989EF-7E0F-DFC4-E220-DD2222C47C9E}.Debug|Any CPU.Build.0 = Debug|Any CPU
		{562989EF-7E0F-DFC4-E220-DD2222C47C9E}.Release|Any CPU.ActiveCfg = Release|Any CPU
		{562989EF-7E0F-DFC4-E220-DD2222C47C9E}.Release|Any CPU.Build.0 = Release|Any CPU
		{72997E23-A989-9414-4B10-556A34E3E19E}.Debug|Any CPU.ActiveCfg = Debug|Any CPU
		{72997E23-A989-9414-4B10-556A34E3E19E}.Debug|Any CPU.Build.0 = Debug|Any CPU
		{72997E23-A989-9414-4B10-556A34E3E19E}.Release|Any CPU.ActiveCfg = Release|Any CPU
		{72997E23-A989-9414-4B10-556A34E3E19E}.Release|Any CPU.Build.0 = Release|Any CPU
		{D599FBC1-5910-CFED-50AF-B77A8004AD95}.Debug|Any CPU.ActiveCfg = Debug|Any CPU
		{D599FBC1-5910-CFED-50AF-B77A8004AD95}.Debug|Any CPU.Build.0 = Debug|Any CPU
		{D599FBC1-5910-CFED-50AF-B77A8004AD95}.Release|Any CPU.ActiveCfg = Release|Any CPU
		{D599FBC1-5910-CFED-50AF-B77A8004AD95}.Release|Any CPU.Build.0 = Release|Any CPU
		{F1F56357-A3B3-EEC6-EC53-922EABBB1BA8}.Debug|Any CPU.ActiveCfg = Debug|Any CPU
		{F1F56357-A3B3-EEC6-EC53-922EABBB1BA8}.Debug|Any CPU.Build.0 = Debug|Any CPU
		{F1F56357-A3B3-EEC6-EC53-922EABBB1BA8}.Release|Any CPU.ActiveCfg = Release|Any CPU
		{F1F56357-A3B3-EEC6-EC53-922EABBB1BA8}.Release|Any CPU.Build.0 = Release|Any CPU
		{7EDC73FA-79F4-37DE-75D9-3249FB82723E}.Debug|Any CPU.ActiveCfg = Debug|Any CPU
		{7EDC73FA-79F4-37DE-75D9-3249FB82723E}.Debug|Any CPU.Build.0 = Debug|Any CPU
		{7EDC73FA-79F4-37DE-75D9-3249FB82723E}.Release|Any CPU.ActiveCfg = Release|Any CPU
		{7EDC73FA-79F4-37DE-75D9-3249FB82723E}.Release|Any CPU.Build.0 = Release|Any CPU
		{3B1C50CA-F12E-BD94-198B-08F624D2751A}.Debug|Any CPU.ActiveCfg = Debug|Any CPU
		{3B1C50CA-F12E-BD94-198B-08F624D2751A}.Debug|Any CPU.Build.0 = Debug|Any CPU
		{3B1C50CA-F12E-BD94-198B-08F624D2751A}.Release|Any CPU.ActiveCfg = Release|Any CPU
		{3B1C50CA-F12E-BD94-198B-08F624D2751A}.Release|Any CPU.Build.0 = Release|Any CPU
		{DED2948B-CA7C-769F-078E-EFF48892155B}.Debug|Any CPU.ActiveCfg = Debug|Any CPU
		{DED2948B-CA7C-769F-078E-EFF48892155B}.Debug|Any CPU.Build.0 = Debug|Any CPU
		{DED2948B-CA7C-769F-078E-EFF48892155B}.Release|Any CPU.ActiveCfg = Release|Any CPU
		{DED2948B-CA7C-769F-078E-EFF48892155B}.Release|Any CPU.Build.0 = Release|Any CPU
		{A41FB2A1-37CE-96D9-CA1D-8DB598D00FD7}.Debug|Any CPU.ActiveCfg = Debug|Any CPU
		{A41FB2A1-37CE-96D9-CA1D-8DB598D00FD7}.Debug|Any CPU.Build.0 = Debug|Any CPU
		{A41FB2A1-37CE-96D9-CA1D-8DB598D00FD7}.Release|Any CPU.ActiveCfg = Release|Any CPU
		{A41FB2A1-37CE-96D9-CA1D-8DB598D00FD7}.Release|Any CPU.Build.0 = Release|Any CPU
		{1CEEB7C6-CD51-2E20-52B1-E1E526AC4512}.Debug|Any CPU.ActiveCfg = Debug|Any CPU
		{1CEEB7C6-CD51-2E20-52B1-E1E526AC4512}.Debug|Any CPU.Build.0 = Debug|Any CPU
		{1CEEB7C6-CD51-2E20-52B1-E1E526AC4512}.Release|Any CPU.ActiveCfg = Release|Any CPU
		{1CEEB7C6-CD51-2E20-52B1-E1E526AC4512}.Release|Any CPU.Build.0 = Release|Any CPU
		{32B09B1F-33FB-5B91-70FD-65B5F6E70DD3}.Debug|Any CPU.ActiveCfg = Debug|Any CPU
		{32B09B1F-33FB-5B91-70FD-65B5F6E70DD3}.Debug|Any CPU.Build.0 = Debug|Any CPU
		{32B09B1F-33FB-5B91-70FD-65B5F6E70DD3}.Release|Any CPU.ActiveCfg = Release|Any CPU
		{32B09B1F-33FB-5B91-70FD-65B5F6E70DD3}.Release|Any CPU.Build.0 = Release|Any CPU
		{56E5F47E-818C-DC04-61CC-1582A85252AB}.Debug|Any CPU.ActiveCfg = Debug|Any CPU
		{56E5F47E-818C-DC04-61CC-1582A85252AB}.Debug|Any CPU.Build.0 = Debug|Any CPU
		{56E5F47E-818C-DC04-61CC-1582A85252AB}.Release|Any CPU.ActiveCfg = Release|Any CPU
		{56E5F47E-818C-DC04-61CC-1582A85252AB}.Release|Any CPU.Build.0 = Release|Any CPU
		{104B4209-AD4E-1E69-A65F-321B3CD166BB}.Debug|Any CPU.ActiveCfg = Debug|Any CPU
		{104B4209-AD4E-1E69-A65F-321B3CD166BB}.Debug|Any CPU.Build.0 = Debug|Any CPU
		{104B4209-AD4E-1E69-A65F-321B3CD166BB}.Release|Any CPU.ActiveCfg = Release|Any CPU
		{104B4209-AD4E-1E69-A65F-321B3CD166BB}.Release|Any CPU.Build.0 = Release|Any CPU
		{014884FE-89AA-9952-6640-20AA64C5DBF4}.Debug|Any CPU.ActiveCfg = Debug|Any CPU
		{014884FE-89AA-9952-6640-20AA64C5DBF4}.Debug|Any CPU.Build.0 = Debug|Any CPU
		{014884FE-89AA-9952-6640-20AA64C5DBF4}.Release|Any CPU.ActiveCfg = Release|Any CPU
		{014884FE-89AA-9952-6640-20AA64C5DBF4}.Release|Any CPU.Build.0 = Release|Any CPU
		{52EB1F74-68A4-49EC-2CAC-EAF5AEED159C}.Debug|Any CPU.ActiveCfg = Debug|Any CPU
		{52EB1F74-68A4-49EC-2CAC-EAF5AEED159C}.Debug|Any CPU.Build.0 = Debug|Any CPU
		{52EB1F74-68A4-49EC-2CAC-EAF5AEED159C}.Release|Any CPU.ActiveCfg = Release|Any CPU
		{52EB1F74-68A4-49EC-2CAC-EAF5AEED159C}.Release|Any CPU.Build.0 = Release|Any CPU
		{A5394899-9D0D-557E-B88A-FEA3ECFAD241}.Debug|Any CPU.ActiveCfg = Debug|Any CPU
		{A5394899-9D0D-557E-B88A-FEA3ECFAD241}.Debug|Any CPU.Build.0 = Debug|Any CPU
		{A5394899-9D0D-557E-B88A-FEA3ECFAD241}.Release|Any CPU.ActiveCfg = Release|Any CPU
		{A5394899-9D0D-557E-B88A-FEA3ECFAD241}.Release|Any CPU.Build.0 = Release|Any CPU
		{A28696CE-F7F2-380D-3E7F-F129201AAB1C}.Debug|Any CPU.ActiveCfg = Debug|Any CPU
		{A28696CE-F7F2-380D-3E7F-F129201AAB1C}.Debug|Any CPU.Build.0 = Debug|Any CPU
		{A28696CE-F7F2-380D-3E7F-F129201AAB1C}.Release|Any CPU.ActiveCfg = Release|Any CPU
		{A28696CE-F7F2-380D-3E7F-F129201AAB1C}.Release|Any CPU.Build.0 = Release|Any CPU
		{68FB5F95-7B20-DEDD-E31B-415736DE4E23}.Debug|Any CPU.ActiveCfg = Debug|Any CPU
		{68FB5F95-7B20-DEDD-E31B-415736DE4E23}.Debug|Any CPU.Build.0 = Debug|Any CPU
		{68FB5F95-7B20-DEDD-E31B-415736DE4E23}.Release|Any CPU.ActiveCfg = Release|Any CPU
		{68FB5F95-7B20-DEDD-E31B-415736DE4E23}.Release|Any CPU.Build.0 = Release|Any CPU
		{2329C5EE-B6F2-EB2E-6D58-6375EBBE08E3}.Debug|Any CPU.ActiveCfg = Debug|Any CPU
		{2329C5EE-B6F2-EB2E-6D58-6375EBBE08E3}.Debug|Any CPU.Build.0 = Debug|Any CPU
		{2329C5EE-B6F2-EB2E-6D58-6375EBBE08E3}.Release|Any CPU.ActiveCfg = Release|Any CPU
		{2329C5EE-B6F2-EB2E-6D58-6375EBBE08E3}.Release|Any CPU.Build.0 = Release|Any CPU
		{8070515F-6E25-796A-2772-C91C9FE79815}.Debug|Any CPU.ActiveCfg = Debug|Any CPU
		{8070515F-6E25-796A-2772-C91C9FE79815}.Debug|Any CPU.Build.0 = Debug|Any CPU
		{8070515F-6E25-796A-2772-C91C9FE79815}.Release|Any CPU.ActiveCfg = Release|Any CPU
		{8070515F-6E25-796A-2772-C91C9FE79815}.Release|Any CPU.Build.0 = Release|Any CPU
		{09958B91-448B-2FBB-5F16-EC1366BBCDCC}.Debug|Any CPU.ActiveCfg = Debug|Any CPU
		{09958B91-448B-2FBB-5F16-EC1366BBCDCC}.Debug|Any CPU.Build.0 = Debug|Any CPU
		{09958B91-448B-2FBB-5F16-EC1366BBCDCC}.Release|Any CPU.ActiveCfg = Release|Any CPU
		{09958B91-448B-2FBB-5F16-EC1366BBCDCC}.Release|Any CPU.Build.0 = Release|Any CPU
		{E3C1C65E-CC7D-6B87-EB13-6E0C2EB4B53E}.Debug|Any CPU.ActiveCfg = Debug|Any CPU
		{E3C1C65E-CC7D-6B87-EB13-6E0C2EB4B53E}.Debug|Any CPU.Build.0 = Debug|Any CPU
		{E3C1C65E-CC7D-6B87-EB13-6E0C2EB4B53E}.Release|Any CPU.ActiveCfg = Release|Any CPU
		{E3C1C65E-CC7D-6B87-EB13-6E0C2EB4B53E}.Release|Any CPU.Build.0 = Release|Any CPU
		{2BFFDE03-DC9C-5F28-D7D8-E9268D2E2FC4}.Debug|Any CPU.ActiveCfg = Debug|Any CPU
		{2BFFDE03-DC9C-5F28-D7D8-E9268D2E2FC4}.Debug|Any CPU.Build.0 = Debug|Any CPU
		{2BFFDE03-DC9C-5F28-D7D8-E9268D2E2FC4}.Release|Any CPU.ActiveCfg = Release|Any CPU
		{2BFFDE03-DC9C-5F28-D7D8-E9268D2E2FC4}.Release|Any CPU.Build.0 = Release|Any CPU
		{E94003D3-902C-0BDE-CE0C-278F3544AB2A}.Debug|Any CPU.ActiveCfg = Debug|Any CPU
		{E94003D3-902C-0BDE-CE0C-278F3544AB2A}.Debug|Any CPU.Build.0 = Debug|Any CPU
		{E94003D3-902C-0BDE-CE0C-278F3544AB2A}.Release|Any CPU.ActiveCfg = Release|Any CPU
		{E94003D3-902C-0BDE-CE0C-278F3544AB2A}.Release|Any CPU.Build.0 = Release|Any CPU
		{1F7442F9-6913-6F1C-23C8-767C8832E184}.Debug|Any CPU.ActiveCfg = Debug|Any CPU
		{1F7442F9-6913-6F1C-23C8-767C8832E184}.Debug|Any CPU.Build.0 = Debug|Any CPU
		{1F7442F9-6913-6F1C-23C8-767C8832E184}.Release|Any CPU.ActiveCfg = Release|Any CPU
		{1F7442F9-6913-6F1C-23C8-767C8832E184}.Release|Any CPU.Build.0 = Release|Any CPU
		{F1B67D2B-1FBD-FD36-1231-B1BEAAD4DA3C}.Debug|Any CPU.ActiveCfg = Debug|Any CPU
		{F1B67D2B-1FBD-FD36-1231-B1BEAAD4DA3C}.Debug|Any CPU.Build.0 = Debug|Any CPU
		{F1B67D2B-1FBD-FD36-1231-B1BEAAD4DA3C}.Release|Any CPU.ActiveCfg = Release|Any CPU
		{F1B67D2B-1FBD-FD36-1231-B1BEAAD4DA3C}.Release|Any CPU.Build.0 = Release|Any CPU
		{C8CBC66E-E70D-5F51-7662-940B92BF3BFC}.Debug|Any CPU.ActiveCfg = Debug|Any CPU
		{C8CBC66E-E70D-5F51-7662-940B92BF3BFC}.Debug|Any CPU.Build.0 = Debug|Any CPU
		{C8CBC66E-E70D-5F51-7662-940B92BF3BFC}.Release|Any CPU.ActiveCfg = Release|Any CPU
		{C8CBC66E-E70D-5F51-7662-940B92BF3BFC}.Release|Any CPU.Build.0 = Release|Any CPU
		{B0A1ACAF-880C-C2E7-3E05-CADA0BE64CE1}.Debug|Any CPU.ActiveCfg = Debug|Any CPU
		{B0A1ACAF-880C-C2E7-3E05-CADA0BE64CE1}.Debug|Any CPU.Build.0 = Debug|Any CPU
		{B0A1ACAF-880C-C2E7-3E05-CADA0BE64CE1}.Release|Any CPU.ActiveCfg = Release|Any CPU
		{B0A1ACAF-880C-C2E7-3E05-CADA0BE64CE1}.Release|Any CPU.Build.0 = Release|Any CPU
		{86C3B317-7251-C7F4-59DF-A9CB65637046}.Debug|Any CPU.ActiveCfg = Debug|Any CPU
		{86C3B317-7251-C7F4-59DF-A9CB65637046}.Debug|Any CPU.Build.0 = Debug|Any CPU
		{86C3B317-7251-C7F4-59DF-A9CB65637046}.Release|Any CPU.ActiveCfg = Release|Any CPU
		{86C3B317-7251-C7F4-59DF-A9CB65637046}.Release|Any CPU.Build.0 = Release|Any CPU
		{B4BA9D71-ED52-0541-D3B1-5470737E7455}.Debug|Any CPU.ActiveCfg = Debug|Any CPU
		{B4BA9D71-ED52-0541-D3B1-5470737E7455}.Debug|Any CPU.Build.0 = Debug|Any CPU
		{B4BA9D71-ED52-0541-D3B1-5470737E7455}.Release|Any CPU.ActiveCfg = Release|Any CPU
		{B4BA9D71-ED52-0541-D3B1-5470737E7455}.Release|Any CPU.Build.0 = Release|Any CPU
		{589CD8A0-EA09-2D90-55A6-3B450160060A}.Debug|Any CPU.ActiveCfg = Debug|Any CPU
		{589CD8A0-EA09-2D90-55A6-3B450160060A}.Debug|Any CPU.Build.0 = Debug|Any CPU
		{589CD8A0-EA09-2D90-55A6-3B450160060A}.Release|Any CPU.ActiveCfg = Release|Any CPU
		{589CD8A0-EA09-2D90-55A6-3B450160060A}.Release|Any CPU.Build.0 = Release|Any CPU
		{F61523AC-2D4A-D524-D1E1-45AF7BCBBB31}.Debug|Any CPU.ActiveCfg = Debug|Any CPU
		{F61523AC-2D4A-D524-D1E1-45AF7BCBBB31}.Debug|Any CPU.Build.0 = Debug|Any CPU
		{F61523AC-2D4A-D524-D1E1-45AF7BCBBB31}.Release|Any CPU.ActiveCfg = Release|Any CPU
		{F61523AC-2D4A-D524-D1E1-45AF7BCBBB31}.Release|Any CPU.Build.0 = Release|Any CPU
		{200A16CC-E0AC-9D76-D993-12C271502198}.Debug|Any CPU.ActiveCfg = Debug|Any CPU
		{200A16CC-E0AC-9D76-D993-12C271502198}.Debug|Any CPU.Build.0 = Debug|Any CPU
		{200A16CC-E0AC-9D76-D993-12C271502198}.Release|Any CPU.ActiveCfg = Release|Any CPU
		{200A16CC-E0AC-9D76-D993-12C271502198}.Release|Any CPU.Build.0 = Release|Any CPU
		{17D1B151-6E15-12EC-E349-02D4458DA9CF}.Debug|Any CPU.ActiveCfg = Debug|Any CPU
		{17D1B151-6E15-12EC-E349-02D4458DA9CF}.Debug|Any CPU.Build.0 = Debug|Any CPU
		{17D1B151-6E15-12EC-E349-02D4458DA9CF}.Release|Any CPU.ActiveCfg = Release|Any CPU
		{17D1B151-6E15-12EC-E349-02D4458DA9CF}.Release|Any CPU.Build.0 = Release|Any CPU
		{EF153747-7F70-69A6-4F43-D56264D7DD12}.Debug|Any CPU.ActiveCfg = Debug|Any CPU
		{EF153747-7F70-69A6-4F43-D56264D7DD12}.Debug|Any CPU.Build.0 = Debug|Any CPU
		{EF153747-7F70-69A6-4F43-D56264D7DD12}.Release|Any CPU.ActiveCfg = Release|Any CPU
		{EF153747-7F70-69A6-4F43-D56264D7DD12}.Release|Any CPU.Build.0 = Release|Any CPU
		{1505E16C-BDD1-02E3-0037-1D68CCA37471}.Debug|Any CPU.ActiveCfg = Debug|Any CPU
		{1505E16C-BDD1-02E3-0037-1D68CCA37471}.Debug|Any CPU.Build.0 = Debug|Any CPU
		{1505E16C-BDD1-02E3-0037-1D68CCA37471}.Release|Any CPU.ActiveCfg = Release|Any CPU
		{1505E16C-BDD1-02E3-0037-1D68CCA37471}.Release|Any CPU.Build.0 = Release|Any CPU
		{1F22D79B-5DD4-9D69-9431-21557B79B912}.Debug|Any CPU.ActiveCfg = Debug|Any CPU
		{1F22D79B-5DD4-9D69-9431-21557B79B912}.Debug|Any CPU.Build.0 = Debug|Any CPU
		{1F22D79B-5DD4-9D69-9431-21557B79B912}.Release|Any CPU.ActiveCfg = Release|Any CPU
		{1F22D79B-5DD4-9D69-9431-21557B79B912}.Release|Any CPU.Build.0 = Release|Any CPU
		{0F6AC962-983B-9B8F-CC55-6577D67EF521}.Debug|Any CPU.ActiveCfg = Debug|Any CPU
		{0F6AC962-983B-9B8F-CC55-6577D67EF521}.Debug|Any CPU.Build.0 = Debug|Any CPU
		{0F6AC962-983B-9B8F-CC55-6577D67EF521}.Release|Any CPU.ActiveCfg = Release|Any CPU
		{0F6AC962-983B-9B8F-CC55-6577D67EF521}.Release|Any CPU.Build.0 = Release|Any CPU
		{06489216-E695-9F9D-CE0A-2B1C3BBAF7A8}.Debug|Any CPU.ActiveCfg = Debug|Any CPU
		{06489216-E695-9F9D-CE0A-2B1C3BBAF7A8}.Debug|Any CPU.Build.0 = Debug|Any CPU
		{06489216-E695-9F9D-CE0A-2B1C3BBAF7A8}.Release|Any CPU.ActiveCfg = Release|Any CPU
		{06489216-E695-9F9D-CE0A-2B1C3BBAF7A8}.Release|Any CPU.Build.0 = Release|Any CPU
		{A0BD29CF-5832-8998-6E5C-381FECE11F55}.Debug|Any CPU.ActiveCfg = Debug|Any CPU
		{A0BD29CF-5832-8998-6E5C-381FECE11F55}.Debug|Any CPU.Build.0 = Debug|Any CPU
		{A0BD29CF-5832-8998-6E5C-381FECE11F55}.Release|Any CPU.ActiveCfg = Release|Any CPU
		{A0BD29CF-5832-8998-6E5C-381FECE11F55}.Release|Any CPU.Build.0 = Release|Any CPU
		{66E1DD05-C8D0-149E-9A31-34BDDD57900E}.Debug|Any CPU.ActiveCfg = Debug|Any CPU
		{66E1DD05-C8D0-149E-9A31-34BDDD57900E}.Debug|Any CPU.Build.0 = Debug|Any CPU
		{66E1DD05-C8D0-149E-9A31-34BDDD57900E}.Release|Any CPU.ActiveCfg = Release|Any CPU
		{66E1DD05-C8D0-149E-9A31-34BDDD57900E}.Release|Any CPU.Build.0 = Release|Any CPU
	EndGlobalSection
	GlobalSection(SolutionProperties) = preSolution
		HideSolutionNode = FALSE
	EndGlobalSection
EndGlobal
