
Microsoft Visual Studio Solution File, Format Version 11.00
# Visual Studio 2010
Project("{FAE04EC0-301F-11D3-BF4B-00C04F79EFBC}") = "YamlDotNet", "YamlDotNet.csproj", "{8F8FC72C-E984-CB60-961F-5B97C6BE48CF}"
EndProject
Project("{FAE04EC0-301F-11D3-BF4B-00C04F79EFBC}") = "Unity.ML-Agents", "Unity.ML-Agents.csproj", "{F653E54C-1A94-E3FA-1F6B-136D4A1CF106}"
EndProject
Project("{FAE04EC0-301F-11D3-BF4B-00C04F79EFBC}") = "Assembly-CSharp", "Assembly-CSharp.csproj", "{C3BEF1FB-4987-8651-1EE7-D187960A8904}"
EndProject
Project("{FAE04EC0-301F-11D3-BF4B-00C04F79EFBC}") = "Unity.ML-Agents.CommunicatorObjects", "Unity.ML-Agents.CommunicatorObjects.csproj", "{5E226769-E297-6F97-29FC-F40F0F92AE23}"
EndProject
Project("{FAE04EC0-301F-11D3-BF4B-00C04F79EFBC}") = "YamlDotNet.Examples", "YamlDotNet.Examples.csproj", "{39B1F70F-6D58-537F-92D4-9A10845A6055}"
EndProject
Project("{FAE04EC0-301F-11D3-BF4B-00C04F79EFBC}") = "Unity.ML-Agents.Editor", "Unity.ML-Agents.Editor.csproj", "{562989EF-7E0F-DFC4-E220-DD2222C47C9E}"
EndProject
Global
	GlobalSection(SolutionConfigurationPlatforms) = preSolution
		Debug|Any CPU = Debug|Any CPU
		Release|Any CPU = Release|Any CPU
	EndGlobalSection
	GlobalSection(ProjectConfigurationPlatforms) = postSolution
		{8F8FC72C-E984-CB60-961F-5B97C6BE48CF}.Debug|Any CPU.ActiveCfg = Debug|Any CPU
		{8F8FC72C-E984-CB60-961F-5B97C6BE48CF}.Debug|Any CPU.Build.0 = Debug|Any CPU
		{8F8FC72C-E984-CB60-961F-5B97C6BE48CF}.Release|Any CPU.ActiveCfg = Release|Any CPU
		{8F8FC72C-E984-CB60-961F-5B97C6BE48CF}.Release|Any CPU.Build.0 = Release|Any CPU
		{F653E54C-1A94-E3FA-1F6B-136D4A1CF106}.Debug|Any CPU.ActiveCfg = Debug|Any CPU
		{F653E54C-1A94-E3FA-1F6B-136D4A1CF106}.Debug|Any CPU.Build.0 = Debug|Any CPU
		{F653E54C-1A94-E3FA-1F6B-136D4A1CF106}.Release|Any CPU.ActiveCfg = Release|Any CPU
		{F653E54C-1A94-E3FA-1F6B-136D4A1CF106}.Release|Any CPU.Build.0 = Release|Any CPU
		{C3BEF1FB-4987-8651-1EE7-D187960A8904}.Debug|Any CPU.ActiveCfg = Debug|Any CPU
		{C3BEF1FB-4987-8651-1EE7-D187960A8904}.Debug|Any CPU.Build.0 = Debug|Any CPU
		{C3BEF1FB-4987-8651-1EE7-D187960A8904}.Release|Any CPU.ActiveCfg = Release|Any CPU
		{C3BEF1FB-4987-8651-1EE7-D187960A8904}.Release|Any CPU.Build.0 = Release|Any CPU
		{5E226769-E297-6F97-29FC-F40F0F92AE23}.Debug|Any CPU.ActiveCfg = Debug|Any CPU
		{5E226769-E297-6F97-29FC-F40F0F92AE23}.Debug|Any CPU.Build.0 = Debug|Any CPU
		{5E226769-E297-6F97-29FC-F40F0F92AE23}.Release|Any CPU.ActiveCfg = Release|Any CPU
		{5E226769-E297-6F97-29FC-F40F0F92AE23}.Release|Any CPU.Build.0 = Release|Any CPU
		{39B1F70F-6D58-537F-92D4-9A10845A6055}.Debug|Any CPU.ActiveCfg = Debug|Any CPU
		{39B1F70F-6D58-537F-92D4-9A10845A6055}.Debug|Any CPU.Build.0 = Debug|Any CPU
		{39B1F70F-6D58-537F-92D4-9A10845A6055}.Release|Any CPU.ActiveCfg = Release|Any CPU
		{39B1F70F-6D58-537F-92D4-9A10845A6055}.Release|Any CPU.Build.0 = Release|Any CPU
		{562989EF-7E0F-DFC4-E220-DD2222C47C9E}.Debug|Any CPU.ActiveCfg = Debug|Any CPU
		{562989EF-7E0F-DFC4-E220-DD2222C47C9E}.Debug|Any CPU.Build.0 = Debug|Any CPU
		{562989EF-7E0F-DFC4-E220-DD2222C47C9E}.Release|Any CPU.ActiveCfg = Release|Any CPU
		{562989EF-7E0F-DFC4-E220-DD2222C47C9E}.Release|Any CPU.Build.0 = Release|Any CPU
	EndGlobalSection
	GlobalSection(SolutionProperties) = preSolution
		HideSolutionNode = FALSE
	EndGlobalSection
EndGlobal
