
Microsoft Visual Studio Solution File, Format Version 12.00
# Visual Studio 15
Project("{FAE04EC0-301F-11D3-BF4B-00C04F79EFBC}") = "UnityEngine.TestRunner", "UnityEngine.TestRunner.csproj", "{5CF71C19-8E0D-7D62-EF81-648CB4491EFB}"
EndProject
Project("{FAE04EC0-301F-11D3-BF4B-00C04F79EFBC}") = "YamlDotNet", "YamlDotNet.csproj", "{8F8FC72C-E984-CB60-961F-5B97C6BE48CF}"
EndProject
Project("{FAE04EC0-301F-11D3-BF4B-00C04F79EFBC}") = "Unity.Barracuda", "Unity.Barracuda.csproj", "{4FD70918-8CAB-9473-9344-4A97C028B5DF}"
EndProject
Project("{FAE04EC0-301F-11D3-BF4B-00C04F79EFBC}") = "UnityEngine.UI", "UnityEngine.UI.csproj", "{E8DF1E17-AEEB-9192-9FDB-B80D27AB9705}"
EndProject
Project("{FAE04EC0-301F-11D3-BF4B-00C04F79EFBC}") = "Unity.TextMeshPro", "Unity.TextMeshPro.csproj", "{CA29B867-B6AC-083C-5806-CA1126C0326E}"
EndProject
Project("{FAE04EC0-301F-11D3-BF4B-00C04F79EFBC}") = "Unity.Timeline", "Unity.Timeline.csproj", "{DBB6ACAD-9F77-29CB-E1C0-36A8117F59F8}"
EndProject
Project("{FAE04EC0-301F-11D3-BF4B-00C04F79EFBC}") = "Unity.ML-Agents", "Unity.ML-Agents.csproj", "{F653E54C-1A94-E3FA-1F6B-136D4A1CF106}"
EndProject
Project("{FAE04EC0-301F-11D3-BF4B-00C04F79EFBC}") = "Unity.Mathematics", "Unity.Mathematics.csproj", "{DD76D77F-E4A8-4367-D3FF-95DE70D1DFE5}"
EndProject
Project("{FAE04EC0-301F-11D3-BF4B-00C04F79EFBC}") = "Unity.Burst", "Unity.Burst.csproj", "{412CEF7D-4EEB-E357-8121-B4F82D11A1AB}"
EndProject
Project("{FAE04EC0-301F-11D3-BF4B-00C04F79EFBC}") = "Assembly-CSharp", "Assembly-CSharp.csproj", "{C3BEF1FB-4987-8651-1EE7-D187960A8904}"
EndProject
Project("{FAE04EC0-301F-11D3-BF4B-00C04F79EFBC}") = "Unity.ML-Agents.CommunicatorObjects", "Unity.ML-Agents.CommunicatorObjects.csproj", "{5E226769-E297-6F97-29FC-F40F0F92AE23}"
EndProject
Project("{FAE04EC0-301F-11D3-BF4B-00C04F79EFBC}") = "Unity.Barracuda.ONNX", "Unity.Barracuda.ONNX.csproj", "{F95F45B9-30CB-F796-867D-66AF6C3FB5DF}"
EndProject
Project("{FAE04EC0-301F-11D3-BF4B-00C04F79EFBC}") = "YamlDotNet.Examples", "YamlDotNet.Examples.csproj", "{39B1F70F-6D58-537F-92D4-9A10845A6055}"
EndProject
Project("{FAE04EC0-301F-11D3-BF4B-00C04F79EFBC}") = "Unity.Barracuda.MacBLAS", "Unity.Barracuda.MacBLAS.csproj", "{78DB8B4B-FFC4-A36B-24CD-D4D0319ABFF5}"
EndProject
Project("{FAE04EC0-301F-11D3-BF4B-00C04F79EFBC}") = "Unity.Barracuda.BurstBLAS", "Unity.Barracuda.BurstBLAS.csproj", "{00CC1F6E-13F0-D7E8-4006-D0726B6D79F8}"
EndProject
Project("{FAE04EC0-301F-11D3-BF4B-00C04F79EFBC}") = "Unity.Barracuda.iOSBLAS", "Unity.Barracuda.iOSBLAS.csproj", "{02D4EB8F-B5EA-B96C-E0DB-6C26D72059A7}"
EndProject
Project("{FAE04EC0-301F-11D3-BF4B-00C04F79EFBC}") = "UnityEditor.TestRunner", "UnityEditor.TestRunner.csproj", "{51FAD360-51EF-F8AB-1432-18CE8710EB50}"
EndProject
Project("{FAE04EC0-301F-11D3-BF4B-00C04F79EFBC}") = "Unity.TextMeshPro.Editor", "Unity.TextMeshPro.Editor.csproj", "{EC6A5B75-C679-1C68-7BF0-E835E7F5B6B1}"
EndProject
Project("{FAE04EC0-301F-11D3-BF4B-00C04F79EFBC}") = "Unity.Timeline.Editor", "Unity.Timeline.Editor.csproj", "{44EDCCE7-7ADA-BF89-0658-54BE73AECED2}"
EndProject
Project("{FAE04EC0-301F-11D3-BF4B-00C04F79EFBC}") = "UnityEditor.UI", "UnityEditor.UI.csproj", "{528C2637-5E89-8BE8-80FB-DC1E17A7C27B}"
EndProject
Project("{FAE04EC0-301F-11D3-BF4B-00C04F79EFBC}") = "Unity.Rider.Editor", "Unity.Rider.Editor.csproj", "{89E14E46-1EA5-5A41-7F63-4760E3A1311F}"
EndProject
Project("{FAE04EC0-301F-11D3-BF4B-00C04F79EFBC}") = "Unity.ML-Agents.Editor", "Unity.ML-Agents.Editor.csproj", "{562989EF-7E0F-DFC4-E220-DD2222C47C9E}"
EndProject
Project("{FAE04EC0-301F-11D3-BF4B-00C04F79EFBC}") = "Unity.Barracuda.Editor", "Unity.Barracuda.Editor.csproj", "{D599FBC1-5910-CFED-50AF-B77A8004AD95}"
EndProject
Project("{FAE04EC0-301F-11D3-BF4B-00C04F79EFBC}") = "Unity.CollabProxy.Editor", "Unity.CollabProxy.Editor.csproj", "{F1F56357-A3B3-EEC6-EC53-922EABBB1BA8}"
EndProject
Project("{FAE04EC0-301F-11D3-BF4B-00C04F79EFBC}") = "Unity.VSCode.Editor", "Unity.VSCode.Editor.csproj", "{DED2948B-CA7C-769F-078E-EFF48892155B}"
EndProject
Project("{FAE04EC0-301F-11D3-BF4B-00C04F79EFBC}") = "Unity.Burst.Editor", "Unity.Burst.Editor.csproj", "{A41FB2A1-37CE-96D9-CA1D-8DB598D00FD7}"
EndProject
Project("{FAE04EC0-301F-11D3-BF4B-00C04F79EFBC}") = "Unity.Mathematics.Editor", "Unity.Mathematics.Editor.csproj", "{1CEEB7C6-CD51-2E20-52B1-E1E526AC4512}"
EndProject
Project("{FAE04EC0-301F-11D3-BF4B-00C04F79EFBC}") = "YamlDotNet.Player", "YamlDotNet.Player.csproj", "{117862EE-5177-30AA-5FD2-B42EC3BDDD09}"
EndProject
Project("{FAE04EC0-301F-11D3-BF4B-00C04F79EFBC}") = "Assembly-CSharp.Player", "Assembly-CSharp.Player.csproj", "{6066E543-6188-A440-E372-875A7F02E00F}"
EndProject
Project("{FAE04EC0-301F-11D3-BF4B-00C04F79EFBC}") = "YamlDotNet.Examples.Player", "YamlDotNet.Examples.Player.csproj", "{053B1666-34E5-9287-BB1E-AA2BD915D843}"
EndProject
Global
	GlobalSection(SolutionConfigurationPlatforms) = preSolution
		Debug|Any CPU = Debug|Any CPU
		Release|Any CPU = Release|Any CPU
	EndGlobalSection
	GlobalSection(ProjectConfigurationPlatforms) = postSolution
		{5CF71C19-8E0D-7D62-EF81-648CB4491EFB}.Debug|Any CPU.ActiveCfg = Debug|Any CPU
		{5CF71C19-8E0D-7D62-EF81-648CB4491EFB}.Debug|Any CPU.Build.0 = Debug|Any CPU
		{5CF71C19-8E0D-7D62-EF81-648CB4491EFB}.Release|Any CPU.ActiveCfg = Release|Any CPU
		{5CF71C19-8E0D-7D62-EF81-648CB4491EFB}.Release|Any CPU.Build.0 = Release|Any CPU
		{8F8FC72C-E984-CB60-961F-5B97C6BE48CF}.Debug|Any CPU.ActiveCfg = Debug|Any CPU
		{8F8FC72C-E984-CB60-961F-5B97C6BE48CF}.Debug|Any CPU.Build.0 = Debug|Any CPU
		{8F8FC72C-E984-CB60-961F-5B97C6BE48CF}.Release|Any CPU.ActiveCfg = Release|Any CPU
		{8F8FC72C-E984-CB60-961F-5B97C6BE48CF}.Release|Any CPU.Build.0 = Release|Any CPU
		{4FD70918-8CAB-9473-9344-4A97C028B5DF}.Debug|Any CPU.ActiveCfg = Debug|Any CPU
		{4FD70918-8CAB-9473-9344-4A97C028B5DF}.Debug|Any CPU.Build.0 = Debug|Any CPU
		{4FD70918-8CAB-9473-9344-4A97C028B5DF}.Release|Any CPU.ActiveCfg = Release|Any CPU
		{4FD70918-8CAB-9473-9344-4A97C028B5DF}.Release|Any CPU.Build.0 = Release|Any CPU
		{E8DF1E17-AEEB-9192-9FDB-B80D27AB9705}.Debug|Any CPU.ActiveCfg = Debug|Any CPU
		{E8DF1E17-AEEB-9192-9FDB-B80D27AB9705}.Debug|Any CPU.Build.0 = Debug|Any CPU
		{E8DF1E17-AEEB-9192-9FDB-B80D27AB9705}.Release|Any CPU.ActiveCfg = Release|Any CPU
		{E8DF1E17-AEEB-9192-9FDB-B80D27AB9705}.Release|Any CPU.Build.0 = Release|Any CPU
		{CA29B867-B6AC-083C-5806-CA1126C0326E}.Debug|Any CPU.ActiveCfg = Debug|Any CPU
		{CA29B867-B6AC-083C-5806-CA1126C0326E}.Debug|Any CPU.Build.0 = Debug|Any CPU
		{CA29B867-B6AC-083C-5806-CA1126C0326E}.Release|Any CPU.ActiveCfg = Release|Any CPU
		{CA29B867-B6AC-083C-5806-CA1126C0326E}.Release|Any CPU.Build.0 = Release|Any CPU
		{DBB6ACAD-9F77-29CB-E1C0-36A8117F59F8}.Debug|Any CPU.ActiveCfg = Debug|Any CPU
		{DBB6ACAD-9F77-29CB-E1C0-36A8117F59F8}.Debug|Any CPU.Build.0 = Debug|Any CPU
		{DBB6ACAD-9F77-29CB-E1C0-36A8117F59F8}.Release|Any CPU.ActiveCfg = Release|Any CPU
		{DBB6ACAD-9F77-29CB-E1C0-36A8117F59F8}.Release|Any CPU.Build.0 = Release|Any CPU
		{F653E54C-1A94-E3FA-1F6B-136D4A1CF106}.Debug|Any CPU.ActiveCfg = Debug|Any CPU
		{F653E54C-1A94-E3FA-1F6B-136D4A1CF106}.Debug|Any CPU.Build.0 = Debug|Any CPU
		{F653E54C-1A94-E3FA-1F6B-136D4A1CF106}.Release|Any CPU.ActiveCfg = Release|Any CPU
		{F653E54C-1A94-E3FA-1F6B-136D4A1CF106}.Release|Any CPU.Build.0 = Release|Any CPU
		{DD76D77F-E4A8-4367-D3FF-95DE70D1DFE5}.Debug|Any CPU.ActiveCfg = Debug|Any CPU
		{DD76D77F-E4A8-4367-D3FF-95DE70D1DFE5}.Debug|Any CPU.Build.0 = Debug|Any CPU
		{DD76D77F-E4A8-4367-D3FF-95DE70D1DFE5}.Release|Any CPU.ActiveCfg = Release|Any CPU
		{DD76D77F-E4A8-4367-D3FF-95DE70D1DFE5}.Release|Any CPU.Build.0 = Release|Any CPU
		{412CEF7D-4EEB-E357-8121-B4F82D11A1AB}.Debug|Any CPU.ActiveCfg = Debug|Any CPU
		{412CEF7D-4EEB-E357-8121-B4F82D11A1AB}.Debug|Any CPU.Build.0 = Debug|Any CPU
		{412CEF7D-4EEB-E357-8121-B4F82D11A1AB}.Release|Any CPU.ActiveCfg = Release|Any CPU
		{412CEF7D-4EEB-E357-8121-B4F82D11A1AB}.Release|Any CPU.Build.0 = Release|Any CPU
		{C3BEF1FB-4987-8651-1EE7-D187960A8904}.Debug|Any CPU.ActiveCfg = Debug|Any CPU
		{C3BEF1FB-4987-8651-1EE7-D187960A8904}.Debug|Any CPU.Build.0 = Debug|Any CPU
		{C3BEF1FB-4987-8651-1EE7-D187960A8904}.Release|Any CPU.ActiveCfg = Release|Any CPU
		{C3BEF1FB-4987-8651-1EE7-D187960A8904}.Release|Any CPU.Build.0 = Release|Any CPU
		{5E226769-E297-6F97-29FC-F40F0F92AE23}.Debug|Any CPU.ActiveCfg = Debug|Any CPU
		{5E226769-E297-6F97-29FC-F40F0F92AE23}.Debug|Any CPU.Build.0 = Debug|Any CPU
		{5E226769-E297-6F97-29FC-F40F0F92AE23}.Release|Any CPU.ActiveCfg = Release|Any CPU
		{5E226769-E297-6F97-29FC-F40F0F92AE23}.Release|Any CPU.Build.0 = Release|Any CPU
		{F95F45B9-30CB-F796-867D-66AF6C3FB5DF}.Debug|Any CPU.ActiveCfg = Debug|Any CPU
		{F95F45B9-30CB-F796-867D-66AF6C3FB5DF}.Debug|Any CPU.Build.0 = Debug|Any CPU
		{F95F45B9-30CB-F796-867D-66AF6C3FB5DF}.Release|Any CPU.ActiveCfg = Release|Any CPU
		{F95F45B9-30CB-F796-867D-66AF6C3FB5DF}.Release|Any CPU.Build.0 = Release|Any CPU
		{39B1F70F-6D58-537F-92D4-9A10845A6055}.Debug|Any CPU.ActiveCfg = Debug|Any CPU
		{39B1F70F-6D58-537F-92D4-9A10845A6055}.Debug|Any CPU.Build.0 = Debug|Any CPU
		{39B1F70F-6D58-537F-92D4-9A10845A6055}.Release|Any CPU.ActiveCfg = Release|Any CPU
		{39B1F70F-6D58-537F-92D4-9A10845A6055}.Release|Any CPU.Build.0 = Release|Any CPU
		{78DB8B4B-FFC4-A36B-24CD-D4D0319ABFF5}.Debug|Any CPU.ActiveCfg = Debug|Any CPU
		{78DB8B4B-FFC4-A36B-24CD-D4D0319ABFF5}.Debug|Any CPU.Build.0 = Debug|Any CPU
		{78DB8B4B-FFC4-A36B-24CD-D4D0319ABFF5}.Release|Any CPU.ActiveCfg = Release|Any CPU
		{78DB8B4B-FFC4-A36B-24CD-D4D0319ABFF5}.Release|Any CPU.Build.0 = Release|Any CPU
		{00CC1F6E-13F0-D7E8-4006-D0726B6D79F8}.Debug|Any CPU.ActiveCfg = Debug|Any CPU
		{00CC1F6E-13F0-D7E8-4006-D0726B6D79F8}.Debug|Any CPU.Build.0 = Debug|Any CPU
		{00CC1F6E-13F0-D7E8-4006-D0726B6D79F8}.Release|Any CPU.ActiveCfg = Release|Any CPU
		{00CC1F6E-13F0-D7E8-4006-D0726B6D79F8}.Release|Any CPU.Build.0 = Release|Any CPU
		{02D4EB8F-B5EA-B96C-E0DB-6C26D72059A7}.Debug|Any CPU.ActiveCfg = Debug|Any CPU
		{02D4EB8F-B5EA-B96C-E0DB-6C26D72059A7}.Debug|Any CPU.Build.0 = Debug|Any CPU
		{02D4EB8F-B5EA-B96C-E0DB-6C26D72059A7}.Release|Any CPU.ActiveCfg = Release|Any CPU
		{02D4EB8F-B5EA-B96C-E0DB-6C26D72059A7}.Release|Any CPU.Build.0 = Release|Any CPU
		{51FAD360-51EF-F8AB-1432-18CE8710EB50}.Debug|Any CPU.ActiveCfg = Debug|Any CPU
		{51FAD360-51EF-F8AB-1432-18CE8710EB50}.Debug|Any CPU.Build.0 = Debug|Any CPU
		{51FAD360-51EF-F8AB-1432-18CE8710EB50}.Release|Any CPU.ActiveCfg = Release|Any CPU
		{51FAD360-51EF-F8AB-1432-18CE8710EB50}.Release|Any CPU.Build.0 = Release|Any CPU
		{EC6A5B75-C679-1C68-7BF0-E835E7F5B6B1}.Debug|Any CPU.ActiveCfg = Debug|Any CPU
		{EC6A5B75-C679-1C68-7BF0-E835E7F5B6B1}.Debug|Any CPU.Build.0 = Debug|Any CPU
		{EC6A5B75-C679-1C68-7BF0-E835E7F5B6B1}.Release|Any CPU.ActiveCfg = Release|Any CPU
		{EC6A5B75-C679-1C68-7BF0-E835E7F5B6B1}.Release|Any CPU.Build.0 = Release|Any CPU
		{44EDCCE7-7ADA-BF89-0658-54BE73AECED2}.Debug|Any CPU.ActiveCfg = Debug|Any CPU
		{44EDCCE7-7ADA-BF89-0658-54BE73AECED2}.Debug|Any CPU.Build.0 = Debug|Any CPU
		{44EDCCE7-7ADA-BF89-0658-54BE73AECED2}.Release|Any CPU.ActiveCfg = Release|Any CPU
		{44EDCCE7-7ADA-BF89-0658-54BE73AECED2}.Release|Any CPU.Build.0 = Release|Any CPU
		{528C2637-5E89-8BE8-80FB-DC1E17A7C27B}.Debug|Any CPU.ActiveCfg = Debug|Any CPU
		{528C2637-5E89-8BE8-80FB-DC1E17A7C27B}.Debug|Any CPU.Build.0 = Debug|Any CPU
		{528C2637-5E89-8BE8-80FB-DC1E17A7C27B}.Release|Any CPU.ActiveCfg = Release|Any CPU
		{528C2637-5E89-8BE8-80FB-DC1E17A7C27B}.Release|Any CPU.Build.0 = Release|Any CPU
		{89E14E46-1EA5-5A41-7F63-4760E3A1311F}.Debug|Any CPU.ActiveCfg = Debug|Any CPU
		{89E14E46-1EA5-5A41-7F63-4760E3A1311F}.Debug|Any CPU.Build.0 = Debug|Any CPU
		{89E14E46-1EA5-5A41-7F63-4760E3A1311F}.Release|Any CPU.ActiveCfg = Release|Any CPU
		{89E14E46-1EA5-5A41-7F63-4760E3A1311F}.Release|Any CPU.Build.0 = Release|Any CPU
		{562989EF-7E0F-DFC4-E220-DD2222C47C9E}.Debug|Any CPU.ActiveCfg = Debug|Any CPU
		{562989EF-7E0F-DFC4-E220-DD2222C47C9E}.Debug|Any CPU.Build.0 = Debug|Any CPU
		{562989EF-7E0F-DFC4-E220-DD2222C47C9E}.Release|Any CPU.ActiveCfg = Release|Any CPU
		{562989EF-7E0F-DFC4-E220-DD2222C47C9E}.Release|Any CPU.Build.0 = Release|Any CPU
		{D599FBC1-5910-CFED-50AF-B77A8004AD95}.Debug|Any CPU.ActiveCfg = Debug|Any CPU
		{D599FBC1-5910-CFED-50AF-B77A8004AD95}.Debug|Any CPU.Build.0 = Debug|Any CPU
		{D599FBC1-5910-CFED-50AF-B77A8004AD95}.Release|Any CPU.ActiveCfg = Release|Any CPU
		{D599FBC1-5910-CFED-50AF-B77A8004AD95}.Release|Any CPU.Build.0 = Release|Any CPU
		{F1F56357-A3B3-EEC6-EC53-922EABBB1BA8}.Debug|Any CPU.ActiveCfg = Debug|Any CPU
		{F1F56357-A3B3-EEC6-EC53-922EABBB1BA8}.Debug|Any CPU.Build.0 = Debug|Any CPU
		{F1F56357-A3B3-EEC6-EC53-922EABBB1BA8}.Release|Any CPU.ActiveCfg = Release|Any CPU
		{F1F56357-A3B3-EEC6-EC53-922EABBB1BA8}.Release|Any CPU.Build.0 = Release|Any CPU
		{DED2948B-CA7C-769F-078E-EFF48892155B}.Debug|Any CPU.ActiveCfg = Debug|Any CPU
		{DED2948B-CA7C-769F-078E-EFF48892155B}.Debug|Any CPU.Build.0 = Debug|Any CPU
		{DED2948B-CA7C-769F-078E-EFF48892155B}.Release|Any CPU.ActiveCfg = Release|Any CPU
		{DED2948B-CA7C-769F-078E-EFF48892155B}.Release|Any CPU.Build.0 = Release|Any CPU
		{A41FB2A1-37CE-96D9-CA1D-8DB598D00FD7}.Debug|Any CPU.ActiveCfg = Debug|Any CPU
		{A41FB2A1-37CE-96D9-CA1D-8DB598D00FD7}.Debug|Any CPU.Build.0 = Debug|Any CPU
		{A41FB2A1-37CE-96D9-CA1D-8DB598D00FD7}.Release|Any CPU.ActiveCfg = Release|Any CPU
		{A41FB2A1-37CE-96D9-CA1D-8DB598D00FD7}.Release|Any CPU.Build.0 = Release|Any CPU
		{1CEEB7C6-CD51-2E20-52B1-E1E526AC4512}.Debug|Any CPU.ActiveCfg = Debug|Any CPU
		{1CEEB7C6-CD51-2E20-52B1-E1E526AC4512}.Debug|Any CPU.Build.0 = Debug|Any CPU
		{1CEEB7C6-CD51-2E20-52B1-E1E526AC4512}.Release|Any CPU.ActiveCfg = Release|Any CPU
		{1CEEB7C6-CD51-2E20-52B1-E1E526AC4512}.Release|Any CPU.Build.0 = Release|Any CPU
		{117862EE-5177-30AA-5FD2-B42EC3BDDD09}.Debug|Any CPU.ActiveCfg = Debug|Any CPU
		{117862EE-5177-30AA-5FD2-B42EC3BDDD09}.Debug|Any CPU.Build.0 = Debug|Any CPU
		{117862EE-5177-30AA-5FD2-B42EC3BDDD09}.Release|Any CPU.ActiveCfg = Release|Any CPU
		{117862EE-5177-30AA-5FD2-B42EC3BDDD09}.Release|Any CPU.Build.0 = Release|Any CPU
		{6066E543-6188-A440-E372-875A7F02E00F}.Debug|Any CPU.ActiveCfg = Debug|Any CPU
		{6066E543-6188-A440-E372-875A7F02E00F}.Debug|Any CPU.Build.0 = Debug|Any CPU
		{6066E543-6188-A440-E372-875A7F02E00F}.Release|Any CPU.ActiveCfg = Release|Any CPU
		{6066E543-6188-A440-E372-875A7F02E00F}.Release|Any CPU.Build.0 = Release|Any CPU
		{053B1666-34E5-9287-BB1E-AA2BD915D843}.Debug|Any CPU.ActiveCfg = Debug|Any CPU
		{053B1666-34E5-9287-BB1E-AA2BD915D843}.Debug|Any CPU.Build.0 = Debug|Any CPU
		{053B1666-34E5-9287-BB1E-AA2BD915D843}.Release|Any CPU.ActiveCfg = Release|Any CPU
		{053B1666-34E5-9287-BB1E-AA2BD915D843}.Release|Any CPU.Build.0 = Release|Any CPU
	EndGlobalSection
	GlobalSection(SolutionProperties) = preSolution
		HideSolutionNode = FALSE
	EndGlobalSection
EndGlobal
